PODS:
  - fast_mvvm (0.0.1):
    - Flutter
  - Flutter (1.0.0)

DEPENDENCIES:
  - fast_mvvm (from `.symlinks/plugins/fast_mvvm/ios`)
  - Flutter (from `Flutter`)

EXTERNAL SOURCES:
  fast_mvvm:
    :path: ".symlinks/plugins/fast_mvvm/ios"
  Flutter:
    :path: Flutter

SPEC CHECKSUMS:
  fast_mvvm: 94988062f754e81143b95fcff32575300ebf32cc
  Flutter: 0e3d915762c693b495b44d77113d4970485de6ec

PODFILE CHECKSUM: c34e2287a9ccaa606aeceab922830efb9a6ff69a

COCOAPODS: 1.9.3
